{
  "name": "navigationexample",
  "version": "0.0.1",
  "lockfileVersion": 1,
  "requires": true,
  "dependencies": {
    "i18n-js": {
      "version": "3.0.11",
      "resolved": "https://registry.npmjs.org/i18n-js/-/i18n-js-3.0.11.tgz",
      "integrity": "sha512-v7dG3kYJTQTyox3NqDabPDE/ZotWntyMI9kh4cYi+XlCSnsIR+KBTS2opPyObL8WndnklcLzbNU92FP/mLge3Q=="
    },
    "js-tokens": {
      "version": "4.0.0",
      "resolved": "https://registry.npmjs.org/js-tokens/-/js-tokens-4.0.0.tgz",
      "integrity": "sha512-RdJUflcE3cUzKiMqQgsCu06FPu9UdIJO0beYbPhHN4k6apgJtifcoCtT9bcxOpYBtpD2kCM6Sbzg4CausW/PKQ=="
    },
    "link": {
      "version": "0.1.5",
      "resolved": "http://registry.npmjs.org/link/-/link-0.1.5.tgz",
      "integrity": "sha1-f8eqW9P2rFoZxSVaI/QgfWhS6S4="
    },
    "localized-strings": {
      "version": "0.2.0",
      "resolved": "https://registry.npmjs.org/localized-strings/-/localized-strings-0.2.0.tgz",
      "integrity": "sha512-f65RKRAt97oznq2gRVhuQim6bWAlz+yPr0C002dxttnkcxMEamDQLJmGMctqclfeQyrBm2cc4bFmIzk44+sLAQ=="
    },
    "lodash": {
      "version": "4.17.11",
      "resolved": "https://registry.npmjs.org/lodash/-/lodash-4.17.11.tgz",
      "integrity": "sha512-cQKh8igo5QUhZ7lg38DYWAxMvjSAKG0A8wGSVimP07SIUEK2UO+arSRKbRZWtelMtN5V0Hkwh5ryOto/SshYIg=="
    },
    "loose-envify": {
      "version": "1.4.0",
      "resolved": "https://registry.npmjs.org/loose-envify/-/loose-envify-1.4.0.tgz",
      "integrity": "sha512-lyuxPGr/Wfhrlem2CL/UcnUc1zcqKAImBDzukY7Y5F/yQiNdko6+fRLevlw1HgMySw7f611UIY408EtxRSoK3Q==",
      "requires": {
        "js-tokens": "4.0.0"
      }
    },
    "object-assign": {
      "version": "4.1.1",
      "resolved": "https://registry.npmjs.org/object-assign/-/object-assign-4.1.1.tgz",
      "integrity": "sha1-IQmtx5ZYh8/AXLvUQsrIv7s2CGM="
    },
    "prop-types": {
      "version": "15.6.2",
      "resolved": "https://registry.npmjs.org/prop-types/-/prop-types-15.6.2.tgz",
      "integrity": "sha512-3pboPvLiWD7dkI3qf3KbUe6hKFKa52w+AE0VCqECtf+QHAKgOL37tTaNCnuX1nAAQ4ZhyP+kYVKf8rLmJ/feDQ==",
      "requires": {
        "loose-envify": "1.4.0",
        "object-assign": "4.1.1"
      }
    },
    "react-localization": {
      "version": "1.0.13",
      "resolved": "https://registry.npmjs.org/react-localization/-/react-localization-1.0.13.tgz",
      "integrity": "sha512-VKbcCpf6FnjhUs1QpEpxGeZCVyAGRknk58w1fG4L4CWHfju/v9A6eyPgRnw6WmKgn2A5EJZt9ewkiP1pQFEwEA==",
      "requires": {
        "localized-strings": "0.2.0",
        "react": "16.5.2"
      },
      "dependencies": {
        "react": {
          "version": "16.5.2",
          "resolved": "https://registry.npmjs.org/react/-/react-16.5.2.tgz",
          "integrity": "sha512-FDCSVd3DjVTmbEAjUNX6FgfAmQ+ypJfHUsqUJOYNCBUp1h8lqmtC+0mXJ+JjsWx4KAVTkk1vKd1hLQPvEviSuw==",
          "requires": {
            "loose-envify": "1.4.0",
            "object-assign": "4.1.1",
            "prop-types": "15.6.2",
            "schedule": "0.5.0"
          }
        }
      }
    },
    "react-native-i18n": {
      "version": "2.0.15",
      "resolved": "https://registry.npmjs.org/react-native-i18n/-/react-native-i18n-2.0.15.tgz",
      "integrity": "sha512-V8VwUP0TLda3oJvgt5tdnFaOV7WXPhTjCTLO7sXI3C2SHggSbD4bCUryMzNJhesimJidH21V2Owvj4zAylHoQQ==",
      "requires": {
        "i18n-js": "3.0.11"
      }
    },
    "react-native-localization": {
      "version": "2.0.1",
      "resolved": "https://registry.npmjs.org/react-native-localization/-/react-native-localization-2.0.1.tgz",
      "integrity": "sha512-CxXYu7QkK/81rFjMGP3NdvG2NTAww2FlbiB7JZJ/VjwGA/XD4dVV3BeNvj6wc0FZtirE6E8m9V1ZE+bYOZ+4xQ==",
      "requires": {
        "react": "16.5.2",
        "react-localization": "1.0.13"
      },
      "dependencies": {
        "react": {
          "version": "16.5.2",
          "resolved": "https://registry.npmjs.org/react/-/react-16.5.2.tgz",
          "integrity": "sha512-FDCSVd3DjVTmbEAjUNX6FgfAmQ+ypJfHUsqUJOYNCBUp1h8lqmtC+0mXJ+JjsWx4KAVTkk1vKd1hLQPvEviSuw==",
          "requires": {
            "loose-envify": "1.4.0",
            "object-assign": "4.1.1",
            "prop-types": "15.6.2",
            "schedule": "0.5.0"
          }
        }
      }
    },
    "react-native-navigation": {
      "version": "1.1.489",
      "resolved": "https://registry.npmjs.org/react-native-navigation/-/react-native-navigation-1.1.489.tgz",
      "integrity": "sha512-83yE/eca85xO4f0wdO70lxRCuAaCCi8j/PmA00ujzdkyu0i/j2yNk4a6Yu6dQFVXbO4uGwSpFMUj3rFSL8xXiw==",
      "requires": {
        "lodash": "4.17.11"
      }
    },
    "schedule": {
      "version": "0.5.0",
      "resolved": "https://registry.npmjs.org/schedule/-/schedule-0.5.0.tgz",
      "integrity": "sha512-HUcJicG5Ou8xfR//c2rPT0lPIRR09vVvN81T9fqfVgBmhERUbDEQoYKjpBxbueJnCPpSu2ujXzOnRQt6x9o/jw==",
      "requires": {
        "object-assign": "4.1.1"
      }
    }
  }
}
